// !$*UTF8*$!
{
	archiveVersion = 1;
	classes = {
	};
	objectVersion = 77;
	objects = {

/* Begin PBXContainerItemProxy section */
		D4CDCEF72DBC402C006081D7 /* PBXContainerItemProxy */ = {
			isa = PBXContainerItemProxy;
			containerPortal = D4CDCEE12DBC4028006081D7 /* Project object */;
			proxyType = 1;
			remoteGlobalIDString = D4CDCEE82DBC4028006081D7;
			remoteInfo = pokemon_go;
		};
		D4CDCF012DBC402C006081D7 /* PBXContainerItemProxy */ = {
			isa = PBXContainerItemProxy;
			containerPortal = D4CDCEE12DBC4028006081D7 /* Project object */;
			proxyType = 1;
			remoteGlobalIDString = D4CDCEE82DBC4028006081D7;
			remoteInfo = pokemon_go;
		};
/* End PBXContainerItemProxy section */

/* Begin PBXFileReference section */
		D4CDCEE92DBC4028006081D7 /* pokemon_go.app */ = {isa = PBXFileReference; explicitFileType = wrapper.application; includeInIndex = 0; path = pokemon_go.app; sourceTree = BUILT_PRODUCTS_DIR; };
		D4CDCEF62DBC402C006081D7 /* pokemon_goTests.xctest */ = {isa = PBXFileReference; explicitFileType = wrapper.cfbundle; includeInIndex = 0; path = pokemon_goTests.xctest; sourceTree = BUILT_PRODUCTS_DIR; };
		D4CDCF002DBC402C006081D7 /* pokemon_goUITests.xctest */ = {isa = PBXFileReference; explicitFileType = wrapper.cfbundle; includeInIndex = 0; path = pokemon_goUITests.xctest; sourceTree = BUILT_PRODUCTS_DIR; };
/* End PBXFileReference section */

/* Begin PBXFileSystemSynchronizedRootGroup section */
		D4CDCEEB2DBC4028006081D7 /* pokemon_go */ = {
			isa = PBXFileSystemSynchronizedRootGroup;
			path = pokemon_go;
			sourceTree = "<group>";
		};
		D4CDCEF92DBC402C006081D7 /* pokemon_goTests */ = {
			isa = PBXFileSystemSynchronizedRootGroup;
			path = pokemon_goTests;
			sourceTree = "<group>";
		};
		D4CDCF032DBC402C006081D7 /* pokemon_goUITests */ = {
			isa = PBXFileSystemSynchronizedRootGroup;
			path = pokemon_goUITests;
			sourceTree = "<group>";
		};
/* End PBXFileSystemSynchronizedRootGroup section */

/* Begin PBXFrameworksBuildPhase section */
		D4CDCEE62DBC4028006081D7 /* Frameworks */ = {
			isa = PBXFrameworksBuildPhase;
			buildActionMask = 2147483647;
			files = (
			);
			runOnlyForDeploymentPostprocessing = 0;
		};
		D4CDCEF32DBC402C006081D7 /* Frameworks */ = {
			isa = PBXFrameworksBuildPhase;
			buildActionMask = 2147483647;
			files = (
			);
			runOnlyForDeploymentPostprocessing = 0;
		};
		D4CDCEFD2DBC402C006081D7 /* Frameworks */ = {
			isa = PBXFrameworksBuildPhase;
			buildActionMask = 2147483647;
			files = (
			);
			runOnlyForDeploymentPostprocessing = 0;
		};
/* End PBXFrameworksBuildPhase section */

/* Begin PBXGroup section */
		D4CDCEE02DBC4028006081D7 = {
			isa = PBXGroup;
			children = (
				D4CDCEEB2DBC4028006081D7 /* pokemon_go */,
				D4CDCEF92DBC402C006081D7 /* pokemon_goTests */,
				D4CDCF032DBC402C006081D7 /* pokemon_goUITests */,
				D4CDCEEA2DBC4028006081D7 /* Products */,
			);
			sourceTree = "<group>";
		};
		D4CDCEEA2DBC4028006081D7 /* Products */ = {
			isa = PBXGroup;
			children = (
				D4CDCEE92DBC4028006081D7 /* pokemon_go.app */,
				D4CDCEF62DBC402C006081D7 /* pokemon_goTests.xctest */,
				D4CDCF002DBC402C006081D7 /* pokemon_goUITests.xctest */,
			);
			name = Products;
			sourceTree = "<group>";
		};
/* End PBXGroup section */

/* Begin PBXNativeTarget section */
		D4CDCEE82DBC4028006081D7 /* pokemon_go */ = {
			isa = PBXNativeTarget;
			buildConfigurationList = D4CDCF0A2DBC402C006081D7 /* Build configuration list for PBXNativeTarget "pokemon_go" */;
			buildPhases = (
				D4CDCEE52DBC4028006081D7 /* Sources */,
				D4CDCEE62DBC4028006081D7 /* Frameworks */,
				D4CDCEE72DBC4028006081D7 /* Resources */,
			);
			buildRules = (
			);
			dependencies = (
			);
			fileSystemSynchronizedGroups = (
				D4CDCEEB2DBC4028006081D7 /* pokemon_go */,
			);
			name = pokemon_go;
			packageProductDependencies = (
			);
			productName = pokemon_go;
			productReference = D4CDCEE92DBC4028006081D7 /* pokemon_go.app */;
			productType = "com.apple.product-type.application";
		};
		D4CDCEF52DBC402C006081D7 /* pokemon_goTests */ = {
			isa = PBXNativeTarget;
			buildConfigurationList = D4CDCF0D2DBC402C006081D7 /* Build configuration list for PBXNativeTarget "pokemon_goTests" */;
			buildPhases = (
				D4CDCEF22DBC402C006081D7 /* Sources */,
				D4CDCEF32DBC402C006081D7 /* Frameworks */,
				D4CDCEF42DBC402C006081D7 /* Resources */,
			);
			buildRules = (
			);
			dependencies = (
				D4CDCEF82DBC402C006081D7 /* PBXTargetDependency */,
			);
			fileSystemSynchronizedGroups = (
				D4CDCEF92DBC402C006081D7 /* pokemon_goTests */,
			);
			name = pokemon_goTests;
			packageProductDependencies = (
			);
			productName = pokemon_goTests;
			productReference = D4CDCEF62DBC402C006081D7 /* pokemon_goTests.xctest */;
			productType = "com.apple.product-type.bundle.unit-test";
		};
		D4CDCEFF2DBC402C006081D7 /* pokemon_goUITests */ = {
			isa = PBXNativeTarget;
			buildConfigurationList = D4CDCF102DBC402C006081D7 /* Build configuration list for PBXNativeTarget "pokemon_goUITests" */;
			buildPhases = (
				D4CDCEFC2DBC402C006081D7 /* Sources */,
				D4CDCEFD2DBC402C006081D7 /* Frameworks */,
				D4CDCEFE2DBC402C006081D7 /* Resources */,
			);
			buildRules = (
			);
			dependencies = (
				D4CDCF022DBC402C006081D7 /* PBXTargetDependency */,
			);
			fileSystemSynchronizedGroups = (
				D4CDCF032DBC402C006081D7 /* pokemon_goUITests */,
			);
			name = pokemon_goUITests;
			packageProductDependencies = (
			);
			productName = pokemon_goUITests;
			productReference = D4CDCF002DBC402C006081D7 /* pokemon_goUITests.xctest */;
			productType = "com.apple.product-type.bundle.ui-testing";
		};
/* End PBXNativeTarget section */

/* Begin PBXProject section */
		D4CDCEE12DBC4028006081D7 /* Project object */ = {
			isa = PBXProject;
			attributes = {
				BuildIndependentTargetsInParallel = 1;
				LastSwiftUpdateCheck = 1630;
				LastUpgradeCheck = 1630;
				TargetAttributes = {
					D4CDCEE82DBC4028006081D7 = {
						CreatedOnToolsVersion = 16.3;
					};
					D4CDCEF52DBC402C006081D7 = {
						CreatedOnToolsVersion = 16.3;
						TestTargetID = D4CDCEE82DBC4028006081D7;
					};
					D4CDCEFF2DBC402C006081D7 = {
						CreatedOnToolsVersion = 16.3;
						TestTargetID = D4CDCEE82DBC4028006081D7;
					};
				};
			};
			buildConfigurationList = D4CDCEE42DBC4028006081D7 /* Build configuration list for PBXProject "pokemon_go" */;
			developmentRegion = en;
			hasScannedForEncodings = 0;
			knownRegions = (
				en,
				Base,
			);
			mainGroup = D4CDCEE02DBC4028006081D7;
			minimizedProjectReferenceProxies = 1;
			preferredProjectObjectVersion = 77;
			productRefGroup = D4CDCEEA2DBC4028006081D7 /* Products */;
			projectDirPath = "";
			projectRoot = "";
			targets = (
				D4CDCEE82DBC4028006081D7 /* pokemon_go */,
				D4CDCEF52DBC402C006081D7 /* pokemon_goTests */,
				D4CDCEFF2DBC402C006081D7 /* pokemon_goUITests */,
			);
		};
/* End PBXProject section */

/* Begin PBXResourcesBuildPhase section */
		D4CDCEE72DBC4028006081D7 /* Resources */ = {
			isa = PBXResourcesBuildPhase;
			buildActionMask = 2147483647;
			files = (
			);
			runOnlyForDeploymentPostprocessing = 0;
		};
		D4CDCEF42DBC402C006081D7 /* Resources */ = {
			isa = PBXResourcesBuildPhase;
			buildActionMask = 2147483647;
			files = (
			);
			runOnlyForDeploymentPostprocessing = 0;
		};
		D4CDCEFE2DBC402C006081D7 /* Resources */ = {
			isa = PBXResourcesBuildPhase;
			buildActionMask = 2147483647;
			files = (
			);
			runOnlyForDeploymentPostprocessing = 0;
		};
/* End PBXResourcesBuildPhase section */

/* Begin PBXSourcesBuildPhase section */
		D4CDCEE52DBC4028006081D7 /* Sources */ = {
			isa = PBXSourcesBuildPhase;
			buildActionMask = 2147483647;
			files = (
			);
			runOnlyForDeploymentPostprocessing = 0;
		};
		D4CDCEF22DBC402C006081D7 /* Sources */ = {
			isa = PBXSourcesBuildPhase;
			buildActionMask = 2147483647;
			files = (
			);
			runOnlyForDeploymentPostprocessing = 0;
		};
		D4CDCEFC2DBC402C006081D7 /* Sources */ = {
			isa = PBXSourcesBuildPhase;
			buildActionMask = 2147483647;
			files = (
			);
			runOnlyForDeploymentPostprocessing = 0;
		};
/* End PBXSourcesBuildPhase section */

/* Begin PBXTargetDependency section */
		D4CDCEF82DBC402C006081D7 /* PBXTargetDependency */ = {
			isa = PBXTargetDependency;
			target = D4CDCEE82DBC4028006081D7 /* pokemon_go */;
			targetProxy = D4CDCEF72DBC402C006081D7 /* PBXContainerItemProxy */;
		};
		D4CDCF022DBC402C006081D7 /* PBXTargetDependency */ = {
			isa = PBXTargetDependency;
			target = D4CDCEE82DBC4028006081D7 /* pokemon_go */;
			targetProxy = D4CDCF012DBC402C006081D7 /* PBXContainerItemProxy */;
		};
/* End PBXTargetDependency section */

/* Begin XCBuildConfiguration section */
		D4CDCF082DBC402C006081D7 /* Debug */ = {
			isa = XCBuildConfiguration;
			buildSettings = {
				ALWAYS_SEARCH_USER_PATHS = NO;
				ASSETCATALOG_COMPILER_GENERATE_SWIFT_ASSET_SYMBOL_EXTENSIONS = YES;
				CLANG_ANALYZER_NONNULL = YES;
				CLANG_ANALYZER_NUMBER_OBJECT_CONVERSION = YES_AGGRESSIVE;
				CLANG_CXX_LANGUAGE_STANDARD = "gnu++20";
				CLANG_ENABLE_MODULES = YES;
				CLANG_ENABLE_OBJC_ARC = YES;
				CLANG_ENABLE_OBJC_WEAK = YES;
				CLANG_WARN_BLOCK_CAPTURE_AUTORELEASING = YES;
				CLANG_WARN_BOOL_CONVERSION = YES;
				CLANG_WARN_COMMA = YES;
				CLANG_WARN_CONSTANT_CONVERSION = YES;
				CLANG_WARN_DEPRECATED_OBJC_IMPLEMENTATIONS = YES;
				CLANG_WARN_DIRECT_OBJC_ISA_USAGE = YES_ERROR;
				CLANG_WARN_DOCUMENTATION_COMMENTS = YES;
				CLANG_WARN_EMPTY_BODY = YES;
				CLANG_WARN_ENUM_CONVERSION = YES;
				CLANG_WARN_INFINITE_RECURSION = YES;
				CLANG_WARN_INT_CONVERSION = YES;
				CLANG_WARN_NON_LITERAL_NULL_CONVERSION = YES;
				CLANG_WARN_OBJC_IMPLICIT_RETAIN_SELF = YES;
				CLANG_WARN_OBJC_LITERAL_CONVERSION = YES;
				CLANG_WARN_OBJC_ROOT_CLASS = YES_ERROR;
				CLANG_WARN_QUOTED_INCLUDE_IN_FRAMEWORK_HEADER = YES;
				CLANG_WARN_RANGE_LOOP_ANALYSIS = YES;
				CLANG_WARN_STRICT_PROTOTYPES = YES;
				CLANG_WARN_SUSPICIOUS_MOVE = YES;
				CLANG_WARN_UNGUARDED_AVAILABILITY = YES_AGGRESSIVE;
				CLANG_WARN_UNREACHABLE_CODE = YES;
				CLANG_WARN__DUPLICATE_METHOD_MATCH = YES;
				COPY_PHASE_STRIP = NO;
				DEBUG_INFORMATION_FORMAT = dwarf;
				ENABLE_STRICT_OBJC_MSGSEND = YES;
				ENABLE_TESTABILITY = YES;
				ENABLE_USER_SCRIPT_SANDBOXING = YES;
				GCC_C_LANGUAGE_STANDARD = gnu17;
				GCC_DYNAMIC_NO_PIC = NO;
				GCC_NO_COMMON_BLOCKS = YES;
				GCC_OPTIMIZATION_LEVEL = 0;
				GCC_PREPROCESSOR_DEFINITIONS = (
					"DEBUG=1",
					"$(inherited)",
				);
				GCC_WARN_64_TO_32_BIT_CONVERSION = YES;
				GCC_WARN_ABOUT_RETURN_TYPE = YES_ERROR;
				GCC_WARN_UNDECLARED_SELECTOR = YES;
				GCC_WARN_UNINITIALIZED_AUTOS = YES_AGGRESSIVE;
				GCC_WARN_UNUSED_FUNCTION = YES;
				GCC_WARN_UNUSED_VARIABLE = YES;
				IPHONEOS_DEPLOYMENT_TARGET = 18.4;
				LOCALIZATION_PREFERS_STRING_CATALOGS = YES;
				MTL_ENABLE_DEBUG_INFO = INCLUDE_SOURCE;
				MTL_FAST_MATH = YES;
				ONLY_ACTIVE_ARCH = YES;
				SDKROOT = iphoneos;
				SWIFT_ACTIVE_COMPILATION_CONDITIONS = "DEBUG $(inherited)";
				SWIFT_OPTIMIZATION_LEVEL = "-Onone";
			};
			name = Debug;
		};
		D4CDCF092DBC402C006081D7 /* Release */ = {
			isa = XCBuildConfiguration;
			buildSettings = {
				ALWAYS_SEARCH_USER_PATHS = NO;
				ASSETCATALOG_COMPILER_GENERATE_SWIFT_ASSET_SYMBOL_EXTENSIONS = YES;
				CLANG_ANALYZER_NONNULL = YES;
				CLANG_ANALYZER_NUMBER_OBJECT_CONVERSION = YES_AGGRESSIVE;
				CLANG_CXX_LANGUAGE_STANDARD = "gnu++20";
				CLANG_ENABLE_MODULES = YES;
				CLANG_ENABLE_OBJC_ARC = YES;
				CLANG_ENABLE_OBJC_WEAK = YES;
				CLANG_WARN_BLOCK_CAPTURE_AUTORELEASING = YES;
				CLANG_WARN_BOOL_CONVERSION = YES;
				CLANG_WARN_COMMA = YES;
				CLANG_WARN_CONSTANT_CONVERSION = YES;
				CLANG_WARN_DEPRECATED_OBJC_IMPLEMENTATIONS = YES;
				CLANG_WARN_DIRECT_OBJC_ISA_USAGE = YES_ERROR;
				CLANG_WARN_DOCUMENTATION_COMMENTS = YES;
				CLANG_WARN_EMPTY_BODY = YES;
				CLANG_WARN_ENUM_CONVERSION = YES;
				CLANG_WARN_INFINITE_RECURSION = YES;
				CLANG_WARN_INT_CONVERSION = YES;
				CLANG_WARN_NON_LITERAL_NULL_CONVERSION = YES;
				CLANG_WARN_OBJC_IMPLICIT_RETAIN_SELF = YES;
				CLANG_WARN_OBJC_LITERAL_CONVERSION = YES;
				CLANG_WARN_OBJC_ROOT_CLASS = YES_ERROR;
				CLANG_WARN_QUOTED_INCLUDE_IN_FRAMEWORK_HEADER = YES;
				CLANG_WARN_RANGE_LOOP_ANALYSIS = YES;
				CLANG_WARN_STRICT_PROTOTYPES = YES;
				CLANG_WARN_SUSPICIOUS_MOVE = YES;
				CLANG_WARN_UNGUARDED_AVAILABILITY = YES_AGGRESSIVE;
				CLANG_WARN_UNREACHABLE_CODE = YES;
				CLANG_WARN__DUPLICATE_METHOD_MATCH = YES;
				COPY_PHASE_STRIP = NO;
				DEBUG_INFORMATION_FORMAT = "dwarf-with-dsym";
				ENABLE_NS_ASSERTIONS = NO;
				ENABLE_STRICT_OBJC_MSGSEND = YES;
				ENABLE_USER_SCRIPT_SANDBOXING = YES;
				GCC_C_LANGUAGE_STANDARD = gnu17;
				GCC_NO_COMMON_BLOCKS = YES;
				GCC_WARN_64_TO_32_BIT_CONVERSION = YES;
				GCC_WARN_ABOUT_RETURN_TYPE = YES_ERROR;
				GCC_WARN_UNDECLARED_SELECTOR = YES;
				GCC_WARN_UNINITIALIZED_AUTOS = YES_AGGRESSIVE;
				GCC_WARN_UNUSED_FUNCTION = YES;
				GCC_WARN_UNUSED_VARIABLE = YES;
				IPHONEOS_DEPLOYMENT_TARGET = 18.4;
				LOCALIZATION_PREFERS_STRING_CATALOGS = YES;
				MTL_ENABLE_DEBUG_INFO = NO;
				MTL_FAST_MATH = YES;
				SDKROOT = iphoneos;
				SWIFT_COMPILATION_MODE = wholemodule;
				VALIDATE_PRODUCT = YES;
			};
			name = Release;
		};
		D4CDCF0B2DBC402C006081D7 /* Debug */ = {
			isa = XCBuildConfiguration;
			buildSettings = {
				ASSETCATALOG_COMPILER_APPICON_NAME = AppIcon;
				ASSETCATALOG_COMPILER_GLOBAL_ACCENT_COLOR_NAME = AccentColor;
				CODE_SIGN_STYLE = Automatic;
				CURRENT_PROJECT_VERSION = 1;
				ENABLE_PREVIEWS = YES;
				GENERATE_INFOPLIST_FILE = YES;
				INFOPLIST_KEY_NSCameraUsageDescription = "";
				INFOPLIST_KEY_UIApplicationSupportsIndirectInputEvents = YES;
				INFOPLIST_KEY_UILaunchScreen_Generation = YES;
				INFOPLIST_KEY_UIRequiredDeviceCapabilities = arkit;
				INFOPLIST_KEY_UIStatusBarHidden = YES;
				INFOPLIST_KEY_UISupportedInterfaceOrientations_iPad = "UIInterfaceOrientationPortrait UIInterfaceOrientationPortraitUpsideDown UIInterfaceOrientationLandscapeLeft UIInterfaceOrientationLandscapeRight";
				INFOPLIST_KEY_UISupportedInterfaceOrientations_iPhone = "UIInterfaceOrientationPortrait UIInterfaceOrientationLandscapeLeft UIInterfaceOrientationLandscapeRight";
				LD_RUNPATH_SEARCH_PATHS = (
					"$(inherited)",
					"@executable_path/Frameworks",
				);
				MARKETING_VERSION = 1.0;
				PRODUCT_BUNDLE_IDENTIFIER = "ragnarlothbrok.pokemon-go";
				PRODUCT_NAME = "$(TARGET_NAME)";
				SWIFT_EMIT_LOC_STRINGS = YES;
				SWIFT_VERSION = 5.0;
				TARGETED_DEVICE_FAMILY = "1,2";
			};
			name = Debug;
		};
		D4CDCF0C2DBC402C006081D7 /* Release */ = {
			isa = XCBuildConfiguration;
			buildSettings = {
				ASSETCATALOG_COMPILER_APPICON_NAME = AppIcon;
				ASSETCATALOG_COMPILER_GLOBAL_ACCENT_COLOR_NAME = AccentColor;
				CODE_SIGN_STYLE = Automatic;
				CURRENT_PROJECT_VERSION = 1;
				ENABLE_PREVIEWS = YES;
				GENERATE_INFOPLIST_FILE = YES;
				INFOPLIST_KEY_NSCameraUsageDescription = "";
				INFOPLIST_KEY_UIApplicationSupportsIndirectInputEvents = YES;
				INFOPLIST_KEY_UILaunchScreen_Generation = YES;
				INFOPLIST_KEY_UIRequiredDeviceCapabilities = arkit;
				INFOPLIST_KEY_UIStatusBarHidden = YES;
				INFOPLIST_KEY_UISupportedInterfaceOrientations_iPad = "UIInterfaceOrientationPortrait UIInterfaceOrientationPortraitUpsideDown UIInterfaceOrientationLandscapeLeft UIInterfaceOrientationLandscapeRight";
				INFOPLIST_KEY_UISupportedInterfaceOrientations_iPhone = "UIInterfaceOrientationPortrait UIInterfaceOrientationLandscapeLeft UIInterfaceOrientationLandscapeRight";
				LD_RUNPATH_SEARCH_PATHS = (
					"$(inherited)",
					"@executable_path/Frameworks",
				);
				MARKETING_VERSION = 1.0;
				PRODUCT_BUNDLE_IDENTIFIER = "ragnarlothbrok.pokemon-go";
				PRODUCT_NAME = "$(TARGET_NAME)";
				SWIFT_EMIT_LOC_STRINGS = YES;
				SWIFT_VERSION = 5.0;
				TARGETED_DEVICE_FAMILY = "1,2";
			};
			name = Release;
		};
		D4CDCF0E2DBC402C006081D7 /* Debug */ = {
			isa = XCBuildConfiguration;
			buildSettings = {
				BUNDLE_LOADER = "$(TEST_HOST)";
				CODE_SIGN_STYLE = Automatic;
				CURRENT_PROJECT_VERSION = 1;
				GENERATE_INFOPLIST_FILE = YES;
				IPHONEOS_DEPLOYMENT_TARGET = 18.4;
				MARKETING_VERSION = 1.0;
				PRODUCT_BUNDLE_IDENTIFIER = "ragnarlothbrok.pokemon-goTests";
				PRODUCT_NAME = "$(TARGET_NAME)";
				SWIFT_EMIT_LOC_STRINGS = NO;
				SWIFT_VERSION = 5.0;
				TARGETED_DEVICE_FAMILY = "1,2";
				TEST_HOST = "$(BUILT_PRODUCTS_DIR)/pokemon_go.app/$(BUNDLE_EXECUTABLE_FOLDER_PATH)/pokemon_go";
			};
			name = Debug;
		};
		D4CDCF0F2DBC402C006081D7 /* Release */ = {
			isa = XCBuildConfiguration;
			buildSettings = {
				BUNDLE_LOADER = "$(TEST_HOST)";
				CODE_SIGN_STYLE = Automatic;
				CURRENT_PROJECT_VERSION = 1;
				GENERATE_INFOPLIST_FILE = YES;
				IPHONEOS_DEPLOYMENT_TARGET = 18.4;
				MARKETING_VERSION = 1.0;
				PRODUCT_BUNDLE_IDENTIFIER = "ragnarlothbrok.pokemon-goTests";
				PRODUCT_NAME = "$(TARGET_NAME)";
				SWIFT_EMIT_LOC_STRINGS = NO;
				SWIFT_VERSION = 5.0;
				TARGETED_DEVICE_FAMILY = "1,2";
				TEST_HOST = "$(BUILT_PRODUCTS_DIR)/pokemon_go.app/$(BUNDLE_EXECUTABLE_FOLDER_PATH)/pokemon_go";
			};
			name = Release;
		};
		D4CDCF112DBC402C006081D7 /* Debug */ = {
			isa = XCBuildConfiguration;
			buildSettings = {
				CODE_SIGN_STYLE = Automatic;
				CURRENT_PROJECT_VERSION = 1;
				GENERATE_INFOPLIST_FILE = YES;
				MARKETING_VERSION = 1.0;
				PRODUCT_BUNDLE_IDENTIFIER = "ragnarlothbrok.pokemon-goUITests";
				PRODUCT_NAME = "$(TARGET_NAME)";
				SWIFT_EMIT_LOC_STRINGS = NO;
				SWIFT_VERSION = 5.0;
				TARGETED_DEVICE_FAMILY = "1,2";
				TEST_TARGET_NAME = pokemon_go;
			};
			name = Debug;
		};
		D4CDCF122DBC402C006081D7 /* Release */ = {
			isa = XCBuildConfiguration;
			buildSettings = {
				CODE_SIGN_STYLE = Automatic;
				CURRENT_PROJECT_VERSION = 1;
				GENERATE_INFOPLIST_FILE = YES;
				MARKETING_VERSION = 1.0;
				PRODUCT_BUNDLE_IDENTIFIER = "ragnarlothbrok.pokemon-goUITests";
				PRODUCT_NAME = "$(TARGET_NAME)";
				SWIFT_EMIT_LOC_STRINGS = NO;
				SWIFT_VERSION = 5.0;
				TARGETED_DEVICE_FAMILY = "1,2";
				TEST_TARGET_NAME = pokemon_go;
			};
			name = Release;
		};
/* End XCBuildConfiguration section */

/* Begin XCConfigurationList section */
		D4CDCEE42DBC4028006081D7 /* Build configuration list for PBXProject "pokemon_go" */ = {
			isa = XCConfigurationList;
			buildConfigurations = (
				D4CDCF082DBC402C006081D7 /* Debug */,
				D4CDCF092DBC402C006081D7 /* Release */,
			);
			defaultConfigurationIsVisible = 0;
			defaultConfigurationName = Release;
		};
		D4CDCF0A2DBC402C006081D7 /* Build configuration list for PBXNativeTarget "pokemon_go" */ = {
			isa = XCConfigurationList;
			buildConfigurations = (
				D4CDCF0B2DBC402C006081D7 /* Debug */,
				D4CDCF0C2DBC402C006081D7 /* Release */,
			);
			defaultConfigurationIsVisible = 0;
			defaultConfigurationName = Release;
		};
		D4CDCF0D2DBC402C006081D7 /* Build configuration list for PBXNativeTarget "pokemon_goTests" */ = {
			isa = XCConfigurationList;
			buildConfigurations = (
				D4CDCF0E2DBC402C006081D7 /* Debug */,
				D4CDCF0F2DBC402C006081D7 /* Release */,
			);
			defaultConfigurationIsVisible = 0;
			defaultConfigurationName = Release;
		};
		D4CDCF102DBC402C006081D7 /* Build configuration list for PBXNativeTarget "pokemon_goUITests" */ = {
			isa = XCConfigurationList;
			buildConfigurations = (
				D4CDCF112DBC402C006081D7 /* Debug */,
				D4CDCF122DBC402C006081D7 /* Release */,
			);
			defaultConfigurationIsVisible = 0;
			defaultConfigurationName = Release;
		};
/* End XCConfigurationList section */
	};
	rootObject = D4CDCEE12DBC4028006081D7 /* Project object */;
}
